
Microsoft Visual Studio Solution File, Format Version 12.00
# Visual Studio 15
VisualStudioVersion = 15.0.28010.0
MinimumVisualStudioVersion = 10.0.40219.1
Project("{FAE04EC0-301F-11D3-BF4B-00C04F79EFBC}") = "TextScrambler", "TextScrambler\TextScrambler.csproj", "{6C163721-154B-4B75-B274-602E1517A996}"
EndProject
Project("{2150E333-8FDC-42A3-9474-1A3956D46DE8}") = "Solution Items", "Solution Items", "{38345A66-F724-4F39-834D-DD444BA89EFE}"
	ProjectSection(SolutionItems) = preProject
		readme.md = readme.md
	EndProjectSection
EndProject
Global
	GlobalSection(SolutionConfigurationPlatforms) = preSolution
		Debug|Any CPU = Debug|Any CPU
		Release|Any CPU = Release|Any CPU
	EndGlobalSection
	GlobalSection(ProjectConfigurationPlatforms) = postSolution
		{6C163721-154B-4B75-B274-602E1517A996}.Debug|Any CPU.ActiveCfg = Debug|Any CPU
		{6C163721-154B-4B75-B274-602E1517A996}.Debug|Any CPU.Build.0 = Debug|Any CPU
		{6C163721-154B-4B75-B274-602E1517A996}.Release|Any CPU.ActiveCfg = Release|Any CPU
		{6C163721-154B-4B75-B274-602E1517A996}.Release|Any CPU.Build.0 = Release|Any CPU
	EndGlobalSection
	GlobalSection(SolutionProperties) = preSolution
		HideSolutionNode = FALSE
	EndGlobalSection
	GlobalSection(ExtensibilityGlobals) = postSolution
		SolutionGuid = {E19237ED-B223-40AA-B62F-0DA89E9A341F}
	EndGlobalSection
EndGlobal
